{
  "name": "sqlformat",
  "version": "1.0.0",
  "lockfileVersion": 2,
  "requires": true,
  "packages": {
    "": {
      "version": "1.0.0",
      "license": "ISC",
      "dependencies": {
        "sql-formatter": "^4.0.2"
      }
    },
    "node_modules/argparse": {
      "version": "2.0.1",
      "resolved": "https://registry.npmjs.org/argparse/-/argparse-2.0.1.tgz",
      "integrity": "sha512-8+9WqebbFzpX9OR+Wa6O29asIogeRMzcGtAINdpMHHyAg10f05aSFVBbcEqGf/PXw1EjAZ+q2/bEBg3DvurK3Q=="
    },
    "node_modules/sql-formatter": {
      "version": "4.0.2",
      "resolved": "https://registry.npmjs.org/sql-formatter/-/sql-formatter-4.0.2.tgz",
      "integrity": "sha512-R6u9GJRiXZLr/lDo8p56L+OyyN2QFJPCDnsyEOsbdIpsnDKL8gubYFo7lNR7Zx7hfdWT80SfkoVS0CMaF/DE2w==",
      "dependencies": {
        "argparse": "^2.0.1"
      },
      "bin": {
        "sql-formatter": "bin/sqlfmt.js"
      }
    }
  },
  "dependencies": {
    "argparse": {
      "version": "2.0.1",
      "resolved": "https://registry.npmjs.org/argparse/-/argparse-2.0.1.tgz",
      "integrity": "sha512-8+9WqebbFzpX9OR+Wa6O29asIogeRMzcGtAINdpMHHyAg10f05aSFVBbcEqGf/PXw1EjAZ+q2/bEBg3DvurK3Q=="
    },
    "sql-formatter": {
      "version": "4.0.2",
      "resolved": "https://registry.npmjs.org/sql-formatter/-/sql-formatter-4.0.2.tgz",
      "integrity": "sha512-R6u9GJRiXZLr/lDo8p56L+OyyN2QFJPCDnsyEOsbdIpsnDKL8gubYFo7lNR7Zx7hfdWT80SfkoVS0CMaF/DE2w==",
      "requires": {
        "argparse": "^2.0.1"
      }
    }
  }
}
